<?xml version="1.0" encoding="utf-8"?>
<Project ToolsVersion="4.0" xmlns="http://schemas.microsoft.com/developer/msbuild/2003">
  <ItemGroup>
    <Filter Include="Source Files">
      <UniqueIdentifier>{4FC737F1-C7A5-4376-A066-2A32D752A2FF}</UniqueIdentifier>
      <Extensions>cpp;c;cc;cxx;c++;def;odl;idl;hpj;bat;asm;asmx</Extensions>
    </Filter>
    <Filter Include="Resource Files">
      <UniqueIdentifier>{67DA6AB6-F800-4c08-8B7A-83BB121AAD01}</UniqueIdentifier>
      <Extensions>rc;ico;cur;bmp;dlg;rc2;rct;bin;rgs;gif;jpg;jpeg;jpe;resx;tiff;tif;png;wav;mfcribbon-ms</Extensions>
    </Filter>
  </ItemGroup>
  <ItemGroup>
    <ClCompile Include="gl_shader.cpp">
      <Filter>Source Files</Filter>
    </ClCompile>
    <ClCompile Include="gl_window.cpp">
      <Filter>Source Files</Filter>
    </ClCompile>
    <ClCompile Include="keymap.cpp">
      <Filter>Source Files</Filter>
    </ClCompile>
    <ClCompile Include="main.cpp">
      <Filter>Source Files</Filter>
    </ClCompile>
    <ClCompile Include="ac-alpha.cpp">
      <Filter>Source Files</Filter>
    </ClCompile>
    <ClCompile Include="ac-basic.cpp">
      <Filter>Source Files</Filter>
    </ClCompile>
    <ClCompile Include="ac-box.cpp">
      <Filter>Source Files</Filter>
    </ClCompile>
    <ClCompile Include="ac-filter1.cpp">
      <Filter>Source Files</Filter>
    </ClCompile>
    <ClCompile Include="ac-filter10.cpp">
      <Filter>Source Files</Filter>
    </ClCompile>
    <ClCompile Include="ac-filter11.cpp">
      <Filter>Source Files</Filter>
    </ClCompile>
    <ClCompile Include="ac-filter12.cpp">
      <Filter>Source Files</Filter>
    </ClCompile>
    <ClCompile Include="ac-filter13.cpp">
      <Filter>Source Files</Filter>
    </ClCompile>
    <ClCompile Include="ac-filter14.cpp">
      <Filter>Source Files</Filter>
    </ClCompile>
    <ClCompile Include="ac-filter15.cpp">
      <Filter>Source Files</Filter>
    </ClCompile>
    <ClCompile Include="ac-filter16.cpp">
      <Filter>Source Files</Filter>
    </ClCompile>
    <ClCompile Include="ac-filter17.cpp">
      <Filter>Source Files</Filter>
    </ClCompile>
    <ClCompile Include="ac-filter18.cpp">
      <Filter>Source Files</Filter>
    </ClCompile>
    <ClCompile Include="ac-filter19.cpp">
      <Filter>Source Files</Filter>
    </ClCompile>
    <ClCompile Include="ac-filter2.cpp">
      <Filter>Source Files</Filter>
    </ClCompile>
    <ClCompile Include="ac-filter20.cpp">
      <Filter>Source Files</Filter>
    </ClCompile>
    <ClCompile Include="ac-filter21.cpp">
      <Filter>Source Files</Filter>
    </ClCompile>
    <ClCompile Include="ac-filter22.cpp">
      <Filter>Source Files</Filter>
    </ClCompile>
    <ClCompile Include="ac-filter23.cpp">
      <Filter>Source Files</Filter>
    </ClCompile>
    <ClCompile Include="ac-filter24.cpp">
      <Filter>Source Files</Filter>
    </ClCompile>
    <ClCompile Include="ac-filter25.cpp">
      <Filter>Source Files</Filter>
    </ClCompile>
    <ClCompile Include="ac-filter26.cpp">
      <Filter>Source Files</Filter>
    </ClCompile>
    <ClCompile Include="ac-filter27.cpp">
      <Filter>Source Files</Filter>
    </ClCompile>
    <ClCompile Include="ac-filter28.cpp">
      <Filter>Source Files</Filter>
    </ClCompile>
    <ClCompile Include="ac-filter29.cpp">
      <Filter>Source Files</Filter>
    </ClCompile>
    <ClCompile Include="ac-filter3.cpp">
      <Filter>Source Files</Filter>
    </ClCompile>
    <ClCompile Include="ac-filter30.cpp">
      <Filter>Source Files</Filter>
    </ClCompile>
    <ClCompile Include="ac-filter31.cpp">
      <Filter>Source Files</Filter>
    </ClCompile>
    <ClCompile Include="ac-filter32.cpp">
      <Filter>Source Files</Filter>
    </ClCompile>
    <ClCompile Include="ac-filter33.cpp">
      <Filter>Source Files</Filter>
    </ClCompile>
    <ClCompile Include="ac-filter34.cpp">
      <Filter>Source Files</Filter>
    </ClCompile>
    <ClCompile Include="ac-filter35.cpp">
      <Filter>Source Files</Filter>
    </ClCompile>
    <ClCompile Include="ac-filter36.cpp">
      <Filter>Source Files</Filter>
    </ClCompile>
    <ClCompile Include="ac-filter37.cpp">
      <Filter>Source Files</Filter>
    </ClCompile>
    <ClCompile Include="ac-filter38.cpp">
      <Filter>Source Files</Filter>
    </ClCompile>
    <ClCompile Include="ac-filter39.cpp">
      <Filter>Source Files</Filter>
    </ClCompile>
    <ClCompile Include="ac-filter4.cpp">
      <Filter>Source Files</Filter>
    </ClCompile>
    <ClCompile Include="ac-filter40.cpp">
      <Filter>Source Files</Filter>
    </ClCompile>
    <ClCompile Include="ac-filter41.cpp">
      <Filter>Source Files</Filter>
    </ClCompile>
    <ClCompile Include="ac-filter42.cpp">
      <Filter>Source Files</Filter>
    </ClCompile>
    <ClCompile Include="ac-filter43.cpp">
      <Filter>Source Files</Filter>
    </ClCompile>
    <ClCompile Include="ac-filter44.cpp">
      <Filter>Source Files</Filter>
    </ClCompile>
    <ClCompile Include="ac-filter45.cpp">
      <Filter>Source Files</Filter>
    </ClCompile>
    <ClCompile Include="ac-filter46.cpp">
      <Filter>Source Files</Filter>
    </ClCompile>
    <ClCompile Include="ac-filter47.cpp">
      <Filter>Source Files</Filter>
    </ClCompile>
    <ClCompile Include="ac-filter48.cpp">
      <Filter>Source Files</Filter>
    </ClCompile>
    <ClCompile Include="ac-filter49.cpp">
      <Filter>Source Files</Filter>
    </ClCompile>
    <ClCompile Include="ac-filter5.cpp">
      <Filter>Source Files</Filter>
    </ClCompile>
    <ClCompile Include="ac-filter50.cpp">
      <Filter>Source Files</Filter>
    </ClCompile>
    <ClCompile Include="ac-filter6.cpp">
      <Filter>Source Files</Filter>
    </ClCompile>
    <ClCompile Include="ac-filter7.cpp">
      <Filter>Source Files</Filter>
    </ClCompile>
    <ClCompile Include="ac-filter8.cpp">
      <Filter>Source Files</Filter>
    </ClCompile>
    <ClCompile Include="ac-filter9.cpp">
      <Filter>Source Files</Filter>
    </ClCompile>
    <ClCompile Include="ac-filtercat.cpp">
      <Filter>Source Files</Filter>
    </ClCompile>
    <ClCompile Include="ac-grid.cpp">
      <Filter>Source Files</Filter>
    </ClCompile>
    <ClCompile Include="ac-image.cpp">
      <Filter>Source Files</Filter>
    </ClCompile>
    <ClCompile Include="ac-obj.cpp">
      <Filter>Source Files</Filter>
    </ClCompile>
    <ClCompile Include="ac-particle.cpp">
      <Filter>Source Files</Filter>
    </ClCompile>
    <ClCompile Include="ac-square.cpp">
      <Filter>Source Files</Filter>
    </ClCompile>
    <ClCompile Include="ac-util.cpp">
      <Filter>Source Files</Filter>
    </ClCompile>
    <ClCompile Include="fractal.cpp">
      <Filter>Source Files</Filter>
    </ClCompile>
    <ClCompile Include="getopt.cpp">
      <Filter>Source Files</Filter>
    </ClCompile>
    <ClCompile Include="acidcam_window.cpp">
      <Filter>Source Files</Filter>
    </ClCompile>
    <ClCompile Include="ffmpeg_write.cpp">
      <Filter>Source Files</Filter>
    </ClCompile>
  </ItemGroup>
  <ItemGroup>
    <ClInclude Include="gl_shader.hpp">
      <Filter>Source Files</Filter>
    </ClInclude>
    <ClInclude Include="gl_window.hpp">
      <Filter>Source Files</Filter>
    </ClInclude>
    <ClInclude Include="keymap.hpp">
      <Filter>Source Files</Filter>
    </ClInclude>
    <ClInclude Include="ac-filtercat.h">
      <Filter>Source Files</Filter>
    </ClInclude>
    <ClInclude Include="ac.h">
      <Filter>Source Files</Filter>
    </ClInclude>
    <ClInclude Include="fractal.h">
      <Filter>Source Files</Filter>
    </ClInclude>
    <ClInclude Include="getopt.h">
      <Filter>Source Files</Filter>
    </ClInclude>
    <ClInclude Include="acidcam_window.hpp">
      <Filter>Source Files</Filter>
    </ClInclude>
    <ClInclude Include="ffmpeg_write.h">
      <Filter>Source Files</Filter>
    </ClInclude>
  </ItemGroup>
</Project>